
Microsoft Visual Studio Solution File, Format Version 12.00
# Visual Studio Version 16
VisualStudioVersion = 16.0.32407.337
MinimumVisualStudioVersion = 10.0.40219.1
Project("{FAE04EC0-301F-11D3-BF4B-00C04F79EFBC}") = "BookAPI_BASIC", "BookAPI_BASIC\BookAPI_BASIC.csproj", "{3675D8FD-CE5B-4D71-A608-BF006CC7FA30}"
EndProject
Global
	GlobalSection(SolutionConfigurationPlatforms) = preSolution
		Debug|Any CPU = Debug|Any CPU
		Release|Any CPU = Release|Any CPU
	EndGlobalSection
	GlobalSection(ProjectConfigurationPlatforms) = postSolution
		{3675D8FD-CE5B-4D71-A608-BF006CC7FA30}.Debug|Any CPU.ActiveCfg = Debug|Any CPU
		{3675D8FD-CE5B-4D71-A608-BF006CC7FA30}.Debug|Any CPU.Build.0 = Debug|Any CPU
		{3675D8FD-CE5B-4D71-A608-BF006CC7FA30}.Release|Any CPU.ActiveCfg = Release|Any CPU
		{3675D8FD-CE5B-4D71-A608-BF006CC7FA30}.Release|Any CPU.Build.0 = Release|Any CPU
	EndGlobalSection
	GlobalSection(SolutionProperties) = preSolution
		HideSolutionNode = FALSE
	EndGlobalSection
	GlobalSection(ExtensibilityGlobals) = postSolution
		SolutionGuid = {FB4763AD-1929-46F7-AF3D-1B54A8934968}
	EndGlobalSection
EndGlobal
